
Microsoft Visual Studio Solution File, Format Version 12.00
Project("{FAE04EC0-301F-11D3-BF4B-00C04F79EFBC}") = "PipeRunner", "PipeRunner\PipeRunner.csproj", "{D35A3EC4-CC60-41A0-B18F-C7EDC1CF7798}"
EndProject
Global
	GlobalSection(SolutionConfigurationPlatforms) = preSolution
		Debug|Any CPU = Debug|Any CPU
		Release|Any CPU = Release|Any CPU
	EndGlobalSection
	GlobalSection(ProjectConfigurationPlatforms) = postSolution
		{D35A3EC4-CC60-41A0-B18F-C7EDC1CF7798}.Debug|Any CPU.ActiveCfg = Debug|Any CPU
		{D35A3EC4-CC60-41A0-B18F-C7EDC1CF7798}.Debug|Any CPU.Build.0 = Debug|Any CPU
		{D35A3EC4-CC60-41A0-B18F-C7EDC1CF7798}.Release|Any CPU.ActiveCfg = Release|Any CPU
		{D35A3EC4-CC60-41A0-B18F-C7EDC1CF7798}.Release|Any CPU.Build.0 = Release|Any CPU
	EndGlobalSection
EndGlobal
